
Microsoft Visual Studio Solution File, Format Version 12.00
# Visual Studio Version 16
VisualStudioVersion = 16.0.33927.289
MinimumVisualStudioVersion = 10.0.40219.1
Project("{2150E333-8FDC-42A3-9474-1A3956D46DE8}") = "Task0", "Task0", "{664C59D0-D2D3-406A-8479-F819AC4C3BAB}"
EndProject
Project("{FAE04EC0-301F-11D3-BF4B-00C04F79EFBC}") = "Tyuiu.BotterVV.Sprint2.Task0.V28", "Tyuiu.BotterVV.Sprint2.Task0.V28\Tyuiu.BotterVV.Sprint2.Task0.V28.csproj", "{EF69F3C8-7AFA-4E3F-BDE0-AD9B46BEA8BD}"
EndProject
Project("{FAE04EC0-301F-11D3-BF4B-00C04F79EFBC}") = "Tyuiu.BotterVV.Sprint2.Task0.V28.Lib", "Tyuiu.BotterVV.Sprint2.Task0.V28.Lib\Tyuiu.BotterVV.Sprint2.Task0.V28.Lib.csproj", "{669CBF8B-21AA-43ED-8E9B-D0E9D157980F}"
EndProject
Project("{FAE04EC0-301F-11D3-BF4B-00C04F79EFBC}") = "Tyuiu.BotterVV.Sprint2.Task0.V28.Test", "Tyuiu.BotterVV.Sprint2.Task0.V28.Test\Tyuiu.BotterVV.Sprint2.Task0.V28.Test.csproj", "{A0817647-2730-4E82-95F1-EFB8B119E75F}"
EndProject
Project("{2150E333-8FDC-42A3-9474-1A3956D46DE8}") = "Task1", "Task1", "{08CF1F7D-6442-4AA7-8AB4-9EE4072E6370}"
EndProject
Project("{FAE04EC0-301F-11D3-BF4B-00C04F79EFBC}") = "Tyuiu.BotterVV.Sprint2.Task1.V9", "Tyuiu.BotterVV.Sprint2.Task1.V9\Tyuiu.BotterVV.Sprint2.Task1.V9.csproj", "{349244A6-23BB-4DD6-B738-36A34E59FABD}"
EndProject
Project("{FAE04EC0-301F-11D3-BF4B-00C04F79EFBC}") = "Tyuiu.BotterVV.Sprint2.Task1.V9.Lib", "Tyuiu.BotterVV.Sprint2.Task1.V9.Lib\Tyuiu.BotterVV.Sprint2.Task1.V9.Lib.csproj", "{1466E1C8-5286-43F5-9A5B-103ED5FAACCB}"
EndProject
Project("{FAE04EC0-301F-11D3-BF4B-00C04F79EFBC}") = "Tyuiu.BotterVV.Sprint2.Task1.V9.Test", "Tyuiu.BotterVV.Sprint2.Task1.V9.Test\Tyuiu.BotterVV.Sprint2.Task1.V9.Test.csproj", "{2F0370D1-91D7-4794-A630-13AC7B34B73C}"
EndProject
Project("{2150E333-8FDC-42A3-9474-1A3956D46DE8}") = "Task2", "Task2", "{52DFB7BD-09BD-41ED-9744-37C356500FD9}"
EndProject
Project("{FAE04EC0-301F-11D3-BF4B-00C04F79EFBC}") = "Tyuiu.BotterVV.Sprint2.Task2.V7", "Tyuiu.BotterVV.Sprint2.Task2.V7\Tyuiu.BotterVV.Sprint2.Task2.V7.csproj", "{EB5C3CAC-F5B9-439A-98AE-BEE57DC6CF22}"
EndProject
Project("{FAE04EC0-301F-11D3-BF4B-00C04F79EFBC}") = "Tyuiu.BotterVV.Sprint2.Task2.V7.Lib", "Tyuiu.BotterVV.Sprint2.Task2.V7.Lib\Tyuiu.BotterVV.Sprint2.Task2.V7.Lib.csproj", "{BEE09703-18E9-4488-A8A1-F0FAAC121D99}"
EndProject
Project("{FAE04EC0-301F-11D3-BF4B-00C04F79EFBC}") = "Tyuiu.BotterVV.Sprint2.Task2.V7.Test", "Tyuiu.BotterVV.Sprint2.Task2.V7.Test\Tyuiu.BotterVV.Sprint2.Task2.V7.Test.csproj", "{D499DA1C-5037-4743-A9C6-1EBDFF96D095}"
EndProject
Project("{2150E333-8FDC-42A3-9474-1A3956D46DE8}") = "Task3", "Task3", "{40E6A69D-C47F-4900-8755-5BBE842FA094}"
EndProject
Project("{FAE04EC0-301F-11D3-BF4B-00C04F79EFBC}") = "Tyuiu.BotterVV.Sprint2.Task3.V7", "Tyuiu.BotterVV.Sprint2.Task3.V7\Tyuiu.BotterVV.Sprint2.Task3.V7.csproj", "{85CADF81-2AB8-4C8F-853B-C1A138A87C58}"
EndProject
Project("{FAE04EC0-301F-11D3-BF4B-00C04F79EFBC}") = "Tyuiu.BotterVV.Sprint2.Task3.V7.Test", "Tyuiu.BotterVV.Sprint2.Task3.V7.Test\Tyuiu.BotterVV.Sprint2.Task3.V7.Test.csproj", "{C4603697-7662-42BE-84E7-51E3D71B9D60}"
EndProject
Project("{FAE04EC0-301F-11D3-BF4B-00C04F79EFBC}") = "Tyuiu.BotterVV.Sprint2.Task3.V7.Lib", "Tyuiu.BotterVV.Sprint2.Task3.V7.Lib\Tyuiu.BotterVV.Sprint2.Task3.V7.Lib.csproj", "{EF81EA4A-28AA-4959-9618-61F920CCEE19}"
EndProject
Project("{2150E333-8FDC-42A3-9474-1A3956D46DE8}") = "Task4", "Task4", "{9D009D2F-E97F-4657-8CA0-27747939B058}"
EndProject
Project("{FAE04EC0-301F-11D3-BF4B-00C04F79EFBC}") = "Tyuiu.BotterVV.Sprint2.Task4.V30", "Tyuiu.BotterVV.Sprint2.Task4.V30\Tyuiu.BotterVV.Sprint2.Task4.V30.csproj", "{A3AD7987-5A71-4994-B1A2-D0143E8DE246}"
EndProject
Project("{FAE04EC0-301F-11D3-BF4B-00C04F79EFBC}") = "Tyuiu.BotterVV.Sprint2.Task4.V30.Test", "Tyuiu.BotterVV.Sprint2.Task4.V30.Test\Tyuiu.BotterVV.Sprint2.Task4.V30.Test.csproj", "{CDA895FA-49E7-4B49-8FEE-581EB288A70A}"
EndProject
Project("{FAE04EC0-301F-11D3-BF4B-00C04F79EFBC}") = "Tyuiu.BotterVV.Sprint2.Task4.V30.Lib", "Tyuiu.BotterVV.Sprint2.Task4.V30.Lib\Tyuiu.BotterVV.Sprint2.Task4.V30.Lib.csproj", "{C6F65A55-F3FE-4E9B-915A-0FBC5E084ED3}"
EndProject
Project("{2150E333-8FDC-42A3-9474-1A3956D46DE8}") = "Task5", "Task5", "{9E187258-CFF8-4E84-B3D9-8C89D2435198}"
EndProject
Project("{FAE04EC0-301F-11D3-BF4B-00C04F79EFBC}") = "Tyuiu.BotterVV.Sprint2.Task5.V14", "Tyuiu.BotterVV.Sprint2.Task5.V14\Tyuiu.BotterVV.Sprint2.Task5.V14.csproj", "{78F9BC5D-3AB3-4B8E-8C81-51D019CB5B64}"
EndProject
Project("{FAE04EC0-301F-11D3-BF4B-00C04F79EFBC}") = "Tyuiu.BotterVV.Sprint2.Task5.V14.Lib", "Tyuiu.BotterVV.Sprint2.Task5.V14.Lib\Tyuiu.BotterVV.Sprint2.Task5.V14.Lib.csproj", "{C0B51308-C701-429C-B1F3-104E46933248}"
EndProject
Project("{FAE04EC0-301F-11D3-BF4B-00C04F79EFBC}") = "Tyuiu.BotterVV.Sprint2.Task5.V14.Test", "Tyuiu.BotterVV.Sprint2.Task5.V14.Test\Tyuiu.BotterVV.Sprint2.Task5.V14.Test.csproj", "{36A07447-0F52-4933-9FFA-11E27F6E43F7}"
EndProject
Project("{2150E333-8FDC-42A3-9474-1A3956D46DE8}") = "Task6", "Task6", "{1A472D3A-DC96-4D0D-9EDB-3BC1EDAA4790}"
EndProject
Project("{FAE04EC0-301F-11D3-BF4B-00C04F79EFBC}") = "Tyuiu.BotterVV.Sprint2.Task6.V7", "Tyuiu.BotterVV.Sprint2.Task6.V7\Tyuiu.BotterVV.Sprint2.Task6.V7.csproj", "{A65ED612-5681-4997-BCB4-7612A8D56B59}"
EndProject
Project("{FAE04EC0-301F-11D3-BF4B-00C04F79EFBC}") = "Tyuiu.BotterVV.Sprint2.Task6.V7.Lib", "Tyuiu.BotterVV.Sprint2.Task6.V7.Lib\Tyuiu.BotterVV.Sprint2.Task6.V7.Lib.csproj", "{CA8F1371-BC69-4AA3-9416-18F1A95F4E7E}"
EndProject
Project("{FAE04EC0-301F-11D3-BF4B-00C04F79EFBC}") = "Tyuiu.BotterVV.Sprint2.Task6.V7.Test", "Tyuiu.BotterVV.Sprint2.Task6.V7.Test\Tyuiu.BotterVV.Sprint2.Task6.V7.Test.csproj", "{C277A426-2ACA-4382-A0D3-8AA747492DB6}"
EndProject
Global
	GlobalSection(SolutionConfigurationPlatforms) = preSolution
		Debug|Any CPU = Debug|Any CPU
		Release|Any CPU = Release|Any CPU
	EndGlobalSection
	GlobalSection(ProjectConfigurationPlatforms) = postSolution
		{EF69F3C8-7AFA-4E3F-BDE0-AD9B46BEA8BD}.Debug|Any CPU.ActiveCfg = Debug|Any CPU
		{EF69F3C8-7AFA-4E3F-BDE0-AD9B46BEA8BD}.Debug|Any CPU.Build.0 = Debug|Any CPU
		{EF69F3C8-7AFA-4E3F-BDE0-AD9B46BEA8BD}.Release|Any CPU.ActiveCfg = Release|Any CPU
		{EF69F3C8-7AFA-4E3F-BDE0-AD9B46BEA8BD}.Release|Any CPU.Build.0 = Release|Any CPU
		{669CBF8B-21AA-43ED-8E9B-D0E9D157980F}.Debug|Any CPU.ActiveCfg = Debug|Any CPU
		{669CBF8B-21AA-43ED-8E9B-D0E9D157980F}.Debug|Any CPU.Build.0 = Debug|Any CPU
		{669CBF8B-21AA-43ED-8E9B-D0E9D157980F}.Release|Any CPU.ActiveCfg = Release|Any CPU
		{669CBF8B-21AA-43ED-8E9B-D0E9D157980F}.Release|Any CPU.Build.0 = Release|Any CPU
		{A0817647-2730-4E82-95F1-EFB8B119E75F}.Debug|Any CPU.ActiveCfg = Debug|Any CPU
		{A0817647-2730-4E82-95F1-EFB8B119E75F}.Debug|Any CPU.Build.0 = Debug|Any CPU
		{A0817647-2730-4E82-95F1-EFB8B119E75F}.Release|Any CPU.ActiveCfg = Release|Any CPU
		{A0817647-2730-4E82-95F1-EFB8B119E75F}.Release|Any CPU.Build.0 = Release|Any CPU
		{349244A6-23BB-4DD6-B738-36A34E59FABD}.Debug|Any CPU.ActiveCfg = Debug|Any CPU
		{349244A6-23BB-4DD6-B738-36A34E59FABD}.Debug|Any CPU.Build.0 = Debug|Any CPU
		{349244A6-23BB-4DD6-B738-36A34E59FABD}.Release|Any CPU.ActiveCfg = Release|Any CPU
		{349244A6-23BB-4DD6-B738-36A34E59FABD}.Release|Any CPU.Build.0 = Release|Any CPU
		{1466E1C8-5286-43F5-9A5B-103ED5FAACCB}.Debug|Any CPU.ActiveCfg = Debug|Any CPU
		{1466E1C8-5286-43F5-9A5B-103ED5FAACCB}.Debug|Any CPU.Build.0 = Debug|Any CPU
		{1466E1C8-5286-43F5-9A5B-103ED5FAACCB}.Release|Any CPU.ActiveCfg = Release|Any CPU
		{1466E1C8-5286-43F5-9A5B-103ED5FAACCB}.Release|Any CPU.Build.0 = Release|Any CPU
		{2F0370D1-91D7-4794-A630-13AC7B34B73C}.Debug|Any CPU.ActiveCfg = Debug|Any CPU
		{2F0370D1-91D7-4794-A630-13AC7B34B73C}.Debug|Any CPU.Build.0 = Debug|Any CPU
		{2F0370D1-91D7-4794-A630-13AC7B34B73C}.Release|Any CPU.ActiveCfg = Release|Any CPU
		{2F0370D1-91D7-4794-A630-13AC7B34B73C}.Release|Any CPU.Build.0 = Release|Any CPU
		{EB5C3CAC-F5B9-439A-98AE-BEE57DC6CF22}.Debug|Any CPU.ActiveCfg = Debug|Any CPU
		{EB5C3CAC-F5B9-439A-98AE-BEE57DC6CF22}.Debug|Any CPU.Build.0 = Debug|Any CPU
		{EB5C3CAC-F5B9-439A-98AE-BEE57DC6CF22}.Release|Any CPU.ActiveCfg = Release|Any CPU
		{EB5C3CAC-F5B9-439A-98AE-BEE57DC6CF22}.Release|Any CPU.Build.0 = Release|Any CPU
		{BEE09703-18E9-4488-A8A1-F0FAAC121D99}.Debug|Any CPU.ActiveCfg = Debug|Any CPU
		{BEE09703-18E9-4488-A8A1-F0FAAC121D99}.Debug|Any CPU.Build.0 = Debug|Any CPU
		{BEE09703-18E9-4488-A8A1-F0FAAC121D99}.Release|Any CPU.ActiveCfg = Release|Any CPU
		{BEE09703-18E9-4488-A8A1-F0FAAC121D99}.Release|Any CPU.Build.0 = Release|Any CPU
		{D499DA1C-5037-4743-A9C6-1EBDFF96D095}.Debug|Any CPU.ActiveCfg = Debug|Any CPU
		{D499DA1C-5037-4743-A9C6-1EBDFF96D095}.Debug|Any CPU.Build.0 = Debug|Any CPU
		{D499DA1C-5037-4743-A9C6-1EBDFF96D095}.Release|Any CPU.ActiveCfg = Release|Any CPU
		{D499DA1C-5037-4743-A9C6-1EBDFF96D095}.Release|Any CPU.Build.0 = Release|Any CPU
		{85CADF81-2AB8-4C8F-853B-C1A138A87C58}.Debug|Any CPU.ActiveCfg = Debug|Any CPU
		{85CADF81-2AB8-4C8F-853B-C1A138A87C58}.Debug|Any CPU.Build.0 = Debug|Any CPU
		{85CADF81-2AB8-4C8F-853B-C1A138A87C58}.Release|Any CPU.ActiveCfg = Release|Any CPU
		{85CADF81-2AB8-4C8F-853B-C1A138A87C58}.Release|Any CPU.Build.0 = Release|Any CPU
		{C4603697-7662-42BE-84E7-51E3D71B9D60}.Debug|Any CPU.ActiveCfg = Debug|Any CPU
		{C4603697-7662-42BE-84E7-51E3D71B9D60}.Debug|Any CPU.Build.0 = Debug|Any CPU
		{C4603697-7662-42BE-84E7-51E3D71B9D60}.Release|Any CPU.ActiveCfg = Release|Any CPU
		{C4603697-7662-42BE-84E7-51E3D71B9D60}.Release|Any CPU.Build.0 = Release|Any CPU
		{EF81EA4A-28AA-4959-9618-61F920CCEE19}.Debug|Any CPU.ActiveCfg = Debug|Any CPU
		{EF81EA4A-28AA-4959-9618-61F920CCEE19}.Debug|Any CPU.Build.0 = Debug|Any CPU
		{EF81EA4A-28AA-4959-9618-61F920CCEE19}.Release|Any CPU.ActiveCfg = Release|Any CPU
		{EF81EA4A-28AA-4959-9618-61F920CCEE19}.Release|Any CPU.Build.0 = Release|Any CPU
		{A3AD7987-5A71-4994-B1A2-D0143E8DE246}.Debug|Any CPU.ActiveCfg = Debug|Any CPU
		{A3AD7987-5A71-4994-B1A2-D0143E8DE246}.Debug|Any CPU.Build.0 = Debug|Any CPU
		{A3AD7987-5A71-4994-B1A2-D0143E8DE246}.Release|Any CPU.ActiveCfg = Release|Any CPU
		{A3AD7987-5A71-4994-B1A2-D0143E8DE246}.Release|Any CPU.Build.0 = Release|Any CPU
		{CDA895FA-49E7-4B49-8FEE-581EB288A70A}.Debug|Any CPU.ActiveCfg = Debug|Any CPU
		{CDA895FA-49E7-4B49-8FEE-581EB288A70A}.Debug|Any CPU.Build.0 = Debug|Any CPU
		{CDA895FA-49E7-4B49-8FEE-581EB288A70A}.Release|Any CPU.ActiveCfg = Release|Any CPU
		{CDA895FA-49E7-4B49-8FEE-581EB288A70A}.Release|Any CPU.Build.0 = Release|Any CPU
		{C6F65A55-F3FE-4E9B-915A-0FBC5E084ED3}.Debug|Any CPU.ActiveCfg = Debug|Any CPU
		{C6F65A55-F3FE-4E9B-915A-0FBC5E084ED3}.Debug|Any CPU.Build.0 = Debug|Any CPU
		{C6F65A55-F3FE-4E9B-915A-0FBC5E084ED3}.Release|Any CPU.ActiveCfg = Release|Any CPU
		{C6F65A55-F3FE-4E9B-915A-0FBC5E084ED3}.Release|Any CPU.Build.0 = Release|Any CPU
		{78F9BC5D-3AB3-4B8E-8C81-51D019CB5B64}.Debug|Any CPU.ActiveCfg = Debug|Any CPU
		{78F9BC5D-3AB3-4B8E-8C81-51D019CB5B64}.Debug|Any CPU.Build.0 = Debug|Any CPU
		{78F9BC5D-3AB3-4B8E-8C81-51D019CB5B64}.Release|Any CPU.ActiveCfg = Release|Any CPU
		{78F9BC5D-3AB3-4B8E-8C81-51D019CB5B64}.Release|Any CPU.Build.0 = Release|Any CPU
		{C0B51308-C701-429C-B1F3-104E46933248}.Debug|Any CPU.ActiveCfg = Debug|Any CPU
		{C0B51308-C701-429C-B1F3-104E46933248}.Debug|Any CPU.Build.0 = Debug|Any CPU
		{C0B51308-C701-429C-B1F3-104E46933248}.Release|Any CPU.ActiveCfg = Release|Any CPU
		{C0B51308-C701-429C-B1F3-104E46933248}.Release|Any CPU.Build.0 = Release|Any CPU
		{36A07447-0F52-4933-9FFA-11E27F6E43F7}.Debug|Any CPU.ActiveCfg = Debug|Any CPU
		{36A07447-0F52-4933-9FFA-11E27F6E43F7}.Debug|Any CPU.Build.0 = Debug|Any CPU
		{36A07447-0F52-4933-9FFA-11E27F6E43F7}.Release|Any CPU.ActiveCfg = Release|Any CPU
		{36A07447-0F52-4933-9FFA-11E27F6E43F7}.Release|Any CPU.Build.0 = Release|Any CPU
		{A65ED612-5681-4997-BCB4-7612A8D56B59}.Debug|Any CPU.ActiveCfg = Debug|Any CPU
		{A65ED612-5681-4997-BCB4-7612A8D56B59}.Debug|Any CPU.Build.0 = Debug|Any CPU
		{A65ED612-5681-4997-BCB4-7612A8D56B59}.Release|Any CPU.ActiveCfg = Release|Any CPU
		{A65ED612-5681-4997-BCB4-7612A8D56B59}.Release|Any CPU.Build.0 = Release|Any CPU
		{CA8F1371-BC69-4AA3-9416-18F1A95F4E7E}.Debug|Any CPU.ActiveCfg = Debug|Any CPU
		{CA8F1371-BC69-4AA3-9416-18F1A95F4E7E}.Debug|Any CPU.Build.0 = Debug|Any CPU
		{CA8F1371-BC69-4AA3-9416-18F1A95F4E7E}.Release|Any CPU.ActiveCfg = Release|Any CPU
		{CA8F1371-BC69-4AA3-9416-18F1A95F4E7E}.Release|Any CPU.Build.0 = Release|Any CPU
		{C277A426-2ACA-4382-A0D3-8AA747492DB6}.Debug|Any CPU.ActiveCfg = Debug|Any CPU
		{C277A426-2ACA-4382-A0D3-8AA747492DB6}.Debug|Any CPU.Build.0 = Debug|Any CPU
		{C277A426-2ACA-4382-A0D3-8AA747492DB6}.Release|Any CPU.ActiveCfg = Release|Any CPU
		{C277A426-2ACA-4382-A0D3-8AA747492DB6}.Release|Any CPU.Build.0 = Release|Any CPU
	EndGlobalSection
	GlobalSection(SolutionProperties) = preSolution
		HideSolutionNode = FALSE
	EndGlobalSection
	GlobalSection(NestedProjects) = preSolution
		{EF69F3C8-7AFA-4E3F-BDE0-AD9B46BEA8BD} = {664C59D0-D2D3-406A-8479-F819AC4C3BAB}
		{669CBF8B-21AA-43ED-8E9B-D0E9D157980F} = {664C59D0-D2D3-406A-8479-F819AC4C3BAB}
		{A0817647-2730-4E82-95F1-EFB8B119E75F} = {664C59D0-D2D3-406A-8479-F819AC4C3BAB}
		{349244A6-23BB-4DD6-B738-36A34E59FABD} = {08CF1F7D-6442-4AA7-8AB4-9EE4072E6370}
		{1466E1C8-5286-43F5-9A5B-103ED5FAACCB} = {08CF1F7D-6442-4AA7-8AB4-9EE4072E6370}
		{2F0370D1-91D7-4794-A630-13AC7B34B73C} = {08CF1F7D-6442-4AA7-8AB4-9EE4072E6370}
		{EB5C3CAC-F5B9-439A-98AE-BEE57DC6CF22} = {52DFB7BD-09BD-41ED-9744-37C356500FD9}
		{BEE09703-18E9-4488-A8A1-F0FAAC121D99} = {52DFB7BD-09BD-41ED-9744-37C356500FD9}
		{D499DA1C-5037-4743-A9C6-1EBDFF96D095} = {52DFB7BD-09BD-41ED-9744-37C356500FD9}
		{85CADF81-2AB8-4C8F-853B-C1A138A87C58} = {40E6A69D-C47F-4900-8755-5BBE842FA094}
		{C4603697-7662-42BE-84E7-51E3D71B9D60} = {40E6A69D-C47F-4900-8755-5BBE842FA094}
		{EF81EA4A-28AA-4959-9618-61F920CCEE19} = {40E6A69D-C47F-4900-8755-5BBE842FA094}
		{A3AD7987-5A71-4994-B1A2-D0143E8DE246} = {9D009D2F-E97F-4657-8CA0-27747939B058}
		{CDA895FA-49E7-4B49-8FEE-581EB288A70A} = {9D009D2F-E97F-4657-8CA0-27747939B058}
		{C6F65A55-F3FE-4E9B-915A-0FBC5E084ED3} = {9D009D2F-E97F-4657-8CA0-27747939B058}
		{78F9BC5D-3AB3-4B8E-8C81-51D019CB5B64} = {9E187258-CFF8-4E84-B3D9-8C89D2435198}
		{C0B51308-C701-429C-B1F3-104E46933248} = {9E187258-CFF8-4E84-B3D9-8C89D2435198}
		{36A07447-0F52-4933-9FFA-11E27F6E43F7} = {9E187258-CFF8-4E84-B3D9-8C89D2435198}
		{A65ED612-5681-4997-BCB4-7612A8D56B59} = {1A472D3A-DC96-4D0D-9EDB-3BC1EDAA4790}
		{CA8F1371-BC69-4AA3-9416-18F1A95F4E7E} = {1A472D3A-DC96-4D0D-9EDB-3BC1EDAA4790}
		{C277A426-2ACA-4382-A0D3-8AA747492DB6} = {1A472D3A-DC96-4D0D-9EDB-3BC1EDAA4790}
	EndGlobalSection
	GlobalSection(ExtensibilityGlobals) = postSolution
		SolutionGuid = {4F48557D-1F16-4F18-8292-E97C4DC82282}
	EndGlobalSection
EndGlobal
